PODS:
  - Apptimize (2.15.0)
  - ArtisanSDK (2.5.1)
  - Leanplum-iOS-SDK (1.3.8.1)
  - Localytics (3.5.1)
  - Optimizely-iOS-SDK (1.2.2)
  - Taplytics (2.7.12)

DEPENDENCIES:
  - Apptimize
  - ArtisanSDK
  - Leanplum-iOS-SDK
  - Localytics (~> 3.0)
  - Optimizely-iOS-SDK
  - Taplytics

SPEC CHECKSUMS:
  Apptimize: 5a11d9e2c3933924d11911f6206eba7a937f3aca
  ArtisanSDK: 31c3975ed0487e8b5bebc1082fc982c41a12f8a1
  Leanplum-iOS-SDK: df25dec4dc038b022901739d06c11109fc5df5dd
  Localytics: da06c00606839b53978ca093adbca1d8afdeeb3e
  Optimizely-iOS-SDK: b6f231f0fc6259b732f10bce02bb667805c2f615
  Taplytics: b619aed4f2a420a5614470a42e631f36126cd813

COCOAPODS: 0.37.1
